// !$*UTF8*$!
{
	archiveVersion = 1;
	classes = {
	};
	objectVersion = 51;
	objects = {

/* Begin PBXBuildFile section */
		AA3162D9239C3A3D0046CD9E /* User.swift in Sources */ = {isa = PBXBuildFile; fileRef = AA3162D8239C3A3D0046CD9E /* User.swift */; };
		AA3162DB239C3B820046CD9E /* Reservation.swift in Sources */ = {isa = PBXBuildFile; fileRef = AA3162DA239C3B820046CD9E /* Reservation.swift */; };
		AA3162DD239C3C270046CD9E /* Restaurant.swift in Sources */ = {isa = PBXBuildFile; fileRef = AA3162DC239C3C260046CD9E /* Restaurant.swift */; };
		AA3162F8239C57550046CD9E /* ListCollectionViewController.swift in Sources */ = {isa = PBXBuildFile; fileRef = AA3162F7239C57550046CD9E /* ListCollectionViewController.swift */; };
		AA3B973E239EE20E005D656A /* DatePickerViewController.swift in Sources */ = {isa = PBXBuildFile; fileRef = AA3B973D239EE20E005D656A /* DatePickerViewController.swift */; };
		AABF5A152396D6BD00E1D689 /* AppDelegate.swift in Sources */ = {isa = PBXBuildFile; fileRef = AABF5A142396D6BD00E1D689 /* AppDelegate.swift */; };
		AABF5A172396D6BD00E1D689 /* SceneDelegate.swift in Sources */ = {isa = PBXBuildFile; fileRef = AABF5A162396D6BD00E1D689 /* SceneDelegate.swift */; };
		AABF5A1C2396D6BD00E1D689 /* Main.storyboard in Resources */ = {isa = PBXBuildFile; fileRef = AABF5A1A2396D6BD00E1D689 /* Main.storyboard */; };
		AABF5A1E2396D6C100E1D689 /* Assets.xcassets in Resources */ = {isa = PBXBuildFile; fileRef = AABF5A1D2396D6C100E1D689 /* Assets.xcassets */; };
		AABF5A212396D6C100E1D689 /* LaunchScreen.storyboard in Resources */ = {isa = PBXBuildFile; fileRef = AABF5A1F2396D6C100E1D689 /* LaunchScreen.storyboard */; };
		AABF5A292397CE1B00E1D689 /* SignInViewController.swift in Sources */ = {isa = PBXBuildFile; fileRef = AABF5A282397CE1B00E1D689 /* SignInViewController.swift */; };
		AABF5A2B2397CE2D00E1D689 /* SignUpViewController.swift in Sources */ = {isa = PBXBuildFile; fileRef = AABF5A2A2397CE2D00E1D689 /* SignUpViewController.swift */; };
		AABF5A2D2397D00400E1D689 /* MainViewController.swift in Sources */ = {isa = PBXBuildFile; fileRef = AABF5A2C2397D00400E1D689 /* MainViewController.swift */; };
		AABF5A2F2397D8C400E1D689 /* RestaurantsListViewController.swift in Sources */ = {isa = PBXBuildFile; fileRef = AABF5A2E2397D8C400E1D689 /* RestaurantsListViewController.swift */; };
		AABF5A312397DA5C00E1D689 /* ListCollectionViewCell.swift in Sources */ = {isa = PBXBuildFile; fileRef = AABF5A302397DA5C00E1D689 /* ListCollectionViewCell.swift */; };
		AAFAD3B8239823AA007B1EF9 /* SortFilterViewController.swift in Sources */ = {isa = PBXBuildFile; fileRef = AAFAD3B7239823AA007B1EF9 /* SortFilterViewController.swift */; };
		AAFAD3BA23982444007B1EF9 /* RestaurantViewController.swift in Sources */ = {isa = PBXBuildFile; fileRef = AAFAD3B923982444007B1EF9 /* RestaurantViewController.swift */; };
		AAFAD3BC23982630007B1EF9 /* ReservationViewController.swift in Sources */ = {isa = PBXBuildFile; fileRef = AAFAD3BB23982630007B1EF9 /* ReservationViewController.swift */; };
		AAFAD3C12398FDE8007B1EF9 /* ProfileViewController.swift in Sources */ = {isa = PBXBuildFile; fileRef = AAFAD3C02398FDE8007B1EF9 /* ProfileViewController.swift */; };
		AAFAD3C423991193007B1EF9 /* ProfileSettingsViewController.swift in Sources */ = {isa = PBXBuildFile; fileRef = AAFAD3C323991193007B1EF9 /* ProfileSettingsViewController.swift */; };
		AAFAD3C6239911A5007B1EF9 /* ReservationsViewController.swift in Sources */ = {isa = PBXBuildFile; fileRef = AAFAD3C5239911A5007B1EF9 /* ReservationsViewController.swift */; };
		AAFAD3C8239911E4007B1EF9 /* MapViewController.swift in Sources */ = {isa = PBXBuildFile; fileRef = AAFAD3C7239911E4007B1EF9 /* MapViewController.swift */; };
		AAFAD3CF2399144F007B1EF9 /* MenuViewController.swift in Sources */ = {isa = PBXBuildFile; fileRef = AAFAD3CE2399144F007B1EF9 /* MenuViewController.swift */; };
		EE19BA8AE2B69180234266F0 /* Pods_Reserved.framework in Frameworks */ = {isa = PBXBuildFile; fileRef = 1B8545919D51CFAA5A5FA7E2 /* Pods_Reserved.framework */; };
		F395BF5A23A7E0A100D0F9D7 /* TableViewCell.swift in Sources */ = {isa = PBXBuildFile; fileRef = F395BF5823A7E0A100D0F9D7 /* TableViewCell.swift */; };
/* End PBXBuildFile section */

/* Begin PBXFileReference section */
		122D98269F4BF40A3212D6D3 /* Pods-Reserved.debug.xcconfig */ = {isa = PBXFileReference; includeInIndex = 1; lastKnownFileType = text.xcconfig; name = "Pods-Reserved.debug.xcconfig"; path = "Target Support Files/Pods-Reserved/Pods-Reserved.debug.xcconfig"; sourceTree = "<group>"; };
		1B8545919D51CFAA5A5FA7E2 /* Pods_Reserved.framework */ = {isa = PBXFileReference; explicitFileType = wrapper.framework; includeInIndex = 0; path = Pods_Reserved.framework; sourceTree = BUILT_PRODUCTS_DIR; };
		875F2CDF8E76F777222189A8 /* Pods-Reserved.release.xcconfig */ = {isa = PBXFileReference; includeInIndex = 1; lastKnownFileType = text.xcconfig; name = "Pods-Reserved.release.xcconfig"; path = "Target Support Files/Pods-Reserved/Pods-Reserved.release.xcconfig"; sourceTree = "<group>"; };
		AA3162D8239C3A3D0046CD9E /* User.swift */ = {isa = PBXFileReference; lastKnownFileType = sourcecode.swift; path = User.swift; sourceTree = "<group>"; };
		AA3162DA239C3B820046CD9E /* Reservation.swift */ = {isa = PBXFileReference; lastKnownFileType = sourcecode.swift; path = Reservation.swift; sourceTree = "<group>"; };
		AA3162DC239C3C260046CD9E /* Restaurant.swift */ = {isa = PBXFileReference; lastKnownFileType = sourcecode.swift; path = Restaurant.swift; sourceTree = "<group>"; };
		AA3162F7239C57550046CD9E /* ListCollectionViewController.swift */ = {isa = PBXFileReference; lastKnownFileType = sourcecode.swift; path = ListCollectionViewController.swift; sourceTree = "<group>"; };
		AA3B973D239EE20E005D656A /* DatePickerViewController.swift */ = {isa = PBXFileReference; lastKnownFileType = sourcecode.swift; path = DatePickerViewController.swift; sourceTree = "<group>"; };
		AABF5A112396D6BD00E1D689 /* Reserved.app */ = {isa = PBXFileReference; explicitFileType = wrapper.application; includeInIndex = 0; path = Reserved.app; sourceTree = BUILT_PRODUCTS_DIR; };
		AABF5A142396D6BD00E1D689 /* AppDelegate.swift */ = {isa = PBXFileReference; lastKnownFileType = sourcecode.swift; path = AppDelegate.swift; sourceTree = "<group>"; };
		AABF5A162396D6BD00E1D689 /* SceneDelegate.swift */ = {isa = PBXFileReference; lastKnownFileType = sourcecode.swift; path = SceneDelegate.swift; sourceTree = "<group>"; };
		AABF5A1B2396D6BD00E1D689 /* Base */ = {isa = PBXFileReference; lastKnownFileType = file.storyboard; name = Base; path = Base.lproj/Main.storyboard; sourceTree = "<group>"; };
		AABF5A1D2396D6C100E1D689 /* Assets.xcassets */ = {isa = PBXFileReference; lastKnownFileType = folder.assetcatalog; path = Assets.xcassets; sourceTree = "<group>"; };
		AABF5A202396D6C100E1D689 /* Base */ = {isa = PBXFileReference; lastKnownFileType = file.storyboard; name = Base; path = Base.lproj/LaunchScreen.storyboard; sourceTree = "<group>"; };
		AABF5A222396D6C100E1D689 /* Info.plist */ = {isa = PBXFileReference; lastKnownFileType = text.plist.xml; path = Info.plist; sourceTree = "<group>"; };
		AABF5A282397CE1B00E1D689 /* SignInViewController.swift */ = {isa = PBXFileReference; lastKnownFileType = sourcecode.swift; path = SignInViewController.swift; sourceTree = "<group>"; };
		AABF5A2A2397CE2D00E1D689 /* SignUpViewController.swift */ = {isa = PBXFileReference; lastKnownFileType = sourcecode.swift; path = SignUpViewController.swift; sourceTree = "<group>"; };
		AABF5A2C2397D00400E1D689 /* MainViewController.swift */ = {isa = PBXFileReference; lastKnownFileType = sourcecode.swift; path = MainViewController.swift; sourceTree = "<group>"; };
		AABF5A2E2397D8C400E1D689 /* RestaurantsListViewController.swift */ = {isa = PBXFileReference; lastKnownFileType = sourcecode.swift; path = RestaurantsListViewController.swift; sourceTree = "<group>"; };
		AABF5A302397DA5C00E1D689 /* ListCollectionViewCell.swift */ = {isa = PBXFileReference; lastKnownFileType = sourcecode.swift; path = ListCollectionViewCell.swift; sourceTree = "<group>"; };
		AAFAD3B7239823AA007B1EF9 /* SortFilterViewController.swift */ = {isa = PBXFileReference; lastKnownFileType = sourcecode.swift; path = SortFilterViewController.swift; sourceTree = "<group>"; };
		AAFAD3B923982444007B1EF9 /* RestaurantViewController.swift */ = {isa = PBXFileReference; lastKnownFileType = sourcecode.swift; path = RestaurantViewController.swift; sourceTree = "<group>"; };
		AAFAD3BB23982630007B1EF9 /* ReservationViewController.swift */ = {isa = PBXFileReference; lastKnownFileType = sourcecode.swift; path = ReservationViewController.swift; sourceTree = "<group>"; };
		AAFAD3C02398FDE8007B1EF9 /* ProfileViewController.swift */ = {isa = PBXFileReference; lastKnownFileType = sourcecode.swift; path = ProfileViewController.swift; sourceTree = "<group>"; };
		AAFAD3C323991193007B1EF9 /* ProfileSettingsViewController.swift */ = {isa = PBXFileReference; lastKnownFileType = sourcecode.swift; path = ProfileSettingsViewController.swift; sourceTree = "<group>"; };
		AAFAD3C5239911A5007B1EF9 /* ReservationsViewController.swift */ = {isa = PBXFileReference; lastKnownFileType = sourcecode.swift; path = ReservationsViewController.swift; sourceTree = "<group>"; };
		AAFAD3C7239911E4007B1EF9 /* MapViewController.swift */ = {isa = PBXFileReference; lastKnownFileType = sourcecode.swift; path = MapViewController.swift; sourceTree = "<group>"; };
		AAFAD3CE2399144F007B1EF9 /* MenuViewController.swift */ = {isa = PBXFileReference; lastKnownFileType = sourcecode.swift; path = MenuViewController.swift; sourceTree = "<group>"; };
		F395BF5823A7E0A100D0F9D7 /* TableViewCell.swift */ = {isa = PBXFileReference; lastKnownFileType = sourcecode.swift; path = TableViewCell.swift; sourceTree = "<group>"; };
/* End PBXFileReference section */

/* Begin PBXFrameworksBuildPhase section */
		AABF5A0E2396D6BD00E1D689 /* Frameworks */ = {
			isa = PBXFrameworksBuildPhase;
			buildActionMask = 2147483647;
			files = (
				EE19BA8AE2B69180234266F0 /* Pods_Reserved.framework in Frameworks */,
			);
			runOnlyForDeploymentPostprocessing = 0;
		};
/* End PBXFrameworksBuildPhase section */

/* Begin PBXGroup section */
		89FD6F47A0A115E053EFD019 /* Pods */ = {
			isa = PBXGroup;
			children = (
				122D98269F4BF40A3212D6D3 /* Pods-Reserved.debug.xcconfig */,
				875F2CDF8E76F777222189A8 /* Pods-Reserved.release.xcconfig */,
			);
			path = Pods;
			sourceTree = "<group>";
		};
		AA3162D7239C39560046CD9E /* Entities */ = {
			isa = PBXGroup;
			children = (
				AA3162D8239C3A3D0046CD9E /* User.swift */,
				AA3162DA239C3B820046CD9E /* Reservation.swift */,
				AA3162DC239C3C260046CD9E /* Restaurant.swift */,
			);
			path = Entities;
			sourceTree = "<group>";
		};
		AABF5A082396D6BC00E1D689 = {
			isa = PBXGroup;
			children = (
				AABF5A132396D6BD00E1D689 /* Reserved */,
				AABF5A122396D6BD00E1D689 /* Products */,
				89FD6F47A0A115E053EFD019 /* Pods */,
				F615BEFAC785BDF0059DC227 /* Frameworks */,
			);
			sourceTree = "<group>";
		};
		AABF5A122396D6BD00E1D689 /* Products */ = {
			isa = PBXGroup;
			children = (
				AABF5A112396D6BD00E1D689 /* Reserved.app */,
			);
			name = Products;
			sourceTree = "<group>";
		};
		AABF5A132396D6BD00E1D689 /* Reserved */ = {
			isa = PBXGroup;
			children = (
				AA3162D7239C39560046CD9E /* Entities */,
				AAFAD3BF239828F8007B1EF9 /* Other */,
				AAFAD3BD23982856007B1EF9 /* View Controllers */,
				AABF5A1A2396D6BD00E1D689 /* Main.storyboard */,
				AABF5A1D2396D6C100E1D689 /* Assets.xcassets */,
			);
			path = Reserved;
			sourceTree = "<group>";
		};
		AAFAD3BD23982856007B1EF9 /* View Controllers */ = {
			isa = PBXGroup;
			children = (
				AAFAD3D023991482007B1EF9 /* Auth */,
				AAFAD3C223991179007B1EF9 /* Profile */,
				AAFAD3BE239828DA007B1EF9 /* Restaurant List */,
				AAFAD3CD23991401007B1EF9 /* Restaurant */,
			);
			path = "View Controllers";
			sourceTree = "<group>";
		};
		AAFAD3BE239828DA007B1EF9 /* Restaurant List */ = {
			isa = PBXGroup;
			children = (
				AABF5A302397DA5C00E1D689 /* ListCollectionViewCell.swift */,
				AAFAD3B7239823AA007B1EF9 /* SortFilterViewController.swift */,
				AA3162F7239C57550046CD9E /* ListCollectionViewController.swift */,
				AABF5A2E2397D8C400E1D689 /* RestaurantsListViewController.swift */,
				AAFAD3C7239911E4007B1EF9 /* MapViewController.swift */,
			);
			path = "Restaurant List";
			sourceTree = "<group>";
		};
		AAFAD3BF239828F8007B1EF9 /* Other */ = {
			isa = PBXGroup;
			children = (
				AABF5A142396D6BD00E1D689 /* AppDelegate.swift */,
				AABF5A222396D6C100E1D689 /* Info.plist */,
				AABF5A1F2396D6C100E1D689 /* LaunchScreen.storyboard */,
				AABF5A162396D6BD00E1D689 /* SceneDelegate.swift */,
			);
			path = Other;
			sourceTree = "<group>";
		};
		AAFAD3C223991179007B1EF9 /* Profile */ = {
			isa = PBXGroup;
			children = (
				AAFAD3C02398FDE8007B1EF9 /* ProfileViewController.swift */,
				AAFAD3C323991193007B1EF9 /* ProfileSettingsViewController.swift */,
				AAFAD3C5239911A5007B1EF9 /* ReservationsViewController.swift */,
				F395BF5823A7E0A100D0F9D7 /* TableViewCell.swift */,
			);
			path = Profile;
			sourceTree = "<group>";
		};
		AAFAD3CD23991401007B1EF9 /* Restaurant */ = {
			isa = PBXGroup;
			children = (
				AAFAD3B923982444007B1EF9 /* RestaurantViewController.swift */,
				AA3B973D239EE20E005D656A /* DatePickerViewController.swift */,
				AAFAD3BB23982630007B1EF9 /* ReservationViewController.swift */,
				AAFAD3CE2399144F007B1EF9 /* MenuViewController.swift */,
			);
			path = Restaurant;
			sourceTree = "<group>";
		};
		AAFAD3D023991482007B1EF9 /* Auth */ = {
			isa = PBXGroup;
			children = (
				AABF5A2C2397D00400E1D689 /* MainViewController.swift */,
				AABF5A282397CE1B00E1D689 /* SignInViewController.swift */,
				AABF5A2A2397CE2D00E1D689 /* SignUpViewController.swift */,
			);
			path = Auth;
			sourceTree = "<group>";
		};
		F615BEFAC785BDF0059DC227 /* Frameworks */ = {
			isa = PBXGroup;
			children = (
				1B8545919D51CFAA5A5FA7E2 /* Pods_Reserved.framework */,
			);
			name = Frameworks;
			sourceTree = "<group>";
		};
/* End PBXGroup section */

/* Begin PBXNativeTarget section */
		AABF5A102396D6BD00E1D689 /* Reserved */ = {
			isa = PBXNativeTarget;
			buildConfigurationList = AABF5A252396D6C100E1D689 /* Build configuration list for PBXNativeTarget "Reserved" */;
			buildPhases = (
				4B1070FAB13D7406201F1A70 /* [CP] Check Pods Manifest.lock */,
				AABF5A0D2396D6BD00E1D689 /* Sources */,
				AABF5A0E2396D6BD00E1D689 /* Frameworks */,
				AABF5A0F2396D6BD00E1D689 /* Resources */,
				97026AD3E87DF200CA574AA5 /* [CP] Embed Pods Frameworks */,
			);
			buildRules = (
			);
			dependencies = (
			);
			name = Reserved;
			productName = Reserved;
			productReference = AABF5A112396D6BD00E1D689 /* Reserved.app */;
			productType = "com.apple.product-type.application";
		};
/* End PBXNativeTarget section */

/* Begin PBXProject section */
		AABF5A092396D6BC00E1D689 /* Project object */ = {
			isa = PBXProject;
			attributes = {
				LastSwiftUpdateCheck = 1120;
				LastUpgradeCheck = 1120;
				ORGANIZATIONNAME = "Мария Коровина";
				TargetAttributes = {
					AABF5A102396D6BD00E1D689 = {
						CreatedOnToolsVersion = 11.2;
					};
				};
			};
			buildConfigurationList = AABF5A0C2396D6BC00E1D689 /* Build configuration list for PBXProject "Reserved" */;
			compatibilityVersion = "Xcode 9.3";
			developmentRegion = en;
			hasScannedForEncodings = 0;
			knownRegions = (
				en,
				Base,
			);
			mainGroup = AABF5A082396D6BC00E1D689;
			productRefGroup = AABF5A122396D6BD00E1D689 /* Products */;
			projectDirPath = "";
			projectRoot = "";
			targets = (
				AABF5A102396D6BD00E1D689 /* Reserved */,
			);
		};
/* End PBXProject section */

/* Begin PBXResourcesBuildPhase section */
		AABF5A0F2396D6BD00E1D689 /* Resources */ = {
			isa = PBXResourcesBuildPhase;
			buildActionMask = 2147483647;
			files = (
				AABF5A212396D6C100E1D689 /* LaunchScreen.storyboard in Resources */,
				AABF5A1E2396D6C100E1D689 /* Assets.xcassets in Resources */,
				AABF5A1C2396D6BD00E1D689 /* Main.storyboard in Resources */,
			);
			runOnlyForDeploymentPostprocessing = 0;
		};
/* End PBXResourcesBuildPhase section */

/* Begin PBXShellScriptBuildPhase section */
		4B1070FAB13D7406201F1A70 /* [CP] Check Pods Manifest.lock */ = {
			isa = PBXShellScriptBuildPhase;
			buildActionMask = 2147483647;
			files = (
			);
			inputFileListPaths = (
			);
			inputPaths = (
				"${PODS_PODFILE_DIR_PATH}/Podfile.lock",
				"${PODS_ROOT}/Manifest.lock",
			);
			name = "[CP] Check Pods Manifest.lock";
			outputFileListPaths = (
			);
			outputPaths = (
				"$(DERIVED_FILE_DIR)/Pods-Reserved-checkManifestLockResult.txt",
			);
			runOnlyForDeploymentPostprocessing = 0;
			shellPath = /bin/sh;
			shellScript = "diff \"${PODS_PODFILE_DIR_PATH}/Podfile.lock\" \"${PODS_ROOT}/Manifest.lock\" > /dev/null\nif [ $? != 0 ] ; then\n    # print error to STDERR\n    echo \"error: The sandbox is not in sync with the Podfile.lock. Run 'pod install' or update your CocoaPods installation.\" >&2\n    exit 1\nfi\n# This output is used by Xcode 'outputs' to avoid re-running this script phase.\necho \"SUCCESS\" > \"${SCRIPT_OUTPUT_FILE_0}\"\n";
			showEnvVarsInLog = 0;
		};
		97026AD3E87DF200CA574AA5 /* [CP] Embed Pods Frameworks */ = {
			isa = PBXShellScriptBuildPhase;
			buildActionMask = 2147483647;
			files = (
			);
			inputFileListPaths = (
				"${PODS_ROOT}/Target Support Files/Pods-Reserved/Pods-Reserved-frameworks-${CONFIGURATION}-input-files.xcfilelist",
			);
			name = "[CP] Embed Pods Frameworks";
			outputFileListPaths = (
				"${PODS_ROOT}/Target Support Files/Pods-Reserved/Pods-Reserved-frameworks-${CONFIGURATION}-output-files.xcfilelist",
			);
			runOnlyForDeploymentPostprocessing = 0;
			shellPath = /bin/sh;
			shellScript = "\"${PODS_ROOT}/Target Support Files/Pods-Reserved/Pods-Reserved-frameworks.sh\"\n";
			showEnvVarsInLog = 0;
		};
/* End PBXShellScriptBuildPhase section */

/* Begin PBXSourcesBuildPhase section */
		AABF5A0D2396D6BD00E1D689 /* Sources */ = {
			isa = PBXSourcesBuildPhase;
			buildActionMask = 2147483647;
			files = (
				AABF5A312397DA5C00E1D689 /* ListCollectionViewCell.swift in Sources */,
				AABF5A292397CE1B00E1D689 /* SignInViewController.swift in Sources */,
				AA3162DB239C3B820046CD9E /* Reservation.swift in Sources */,
				AABF5A2F2397D8C400E1D689 /* RestaurantsListViewController.swift in Sources */,
				AABF5A152396D6BD00E1D689 /* AppDelegate.swift in Sources */,
				AAFAD3C6239911A5007B1EF9 /* ReservationsViewController.swift in Sources */,
				AAFAD3BA23982444007B1EF9 /* RestaurantViewController.swift in Sources */,
				AAFAD3BC23982630007B1EF9 /* ReservationViewController.swift in Sources */,
				AAFAD3CF2399144F007B1EF9 /* MenuViewController.swift in Sources */,
				AAFAD3C12398FDE8007B1EF9 /* ProfileViewController.swift in Sources */,
				AAFAD3C423991193007B1EF9 /* ProfileSettingsViewController.swift in Sources */,
				AA3162F8239C57550046CD9E /* ListCollectionViewController.swift in Sources */,
				F395BF5A23A7E0A100D0F9D7 /* TableViewCell.swift in Sources */,
				AA3162D9239C3A3D0046CD9E /* User.swift in Sources */,
				AABF5A172396D6BD00E1D689 /* SceneDelegate.swift in Sources */,
				AA3162DD239C3C270046CD9E /* Restaurant.swift in Sources */,
				AABF5A2B2397CE2D00E1D689 /* SignUpViewController.swift in Sources */,
				AA3B973E239EE20E005D656A /* DatePickerViewController.swift in Sources */,
				AAFAD3B8239823AA007B1EF9 /* SortFilterViewController.swift in Sources */,
				AABF5A2D2397D00400E1D689 /* MainViewController.swift in Sources */,
				AAFAD3C8239911E4007B1EF9 /* MapViewController.swift in Sources */,
			);
			runOnlyForDeploymentPostprocessing = 0;
		};
/* End PBXSourcesBuildPhase section */

/* Begin PBXVariantGroup section */
		AABF5A1A2396D6BD00E1D689 /* Main.storyboard */ = {
			isa = PBXVariantGroup;
			children = (
				AABF5A1B2396D6BD00E1D689 /* Base */,
			);
			name = Main.storyboard;
			sourceTree = "<group>";
		};
		AABF5A1F2396D6C100E1D689 /* LaunchScreen.storyboard */ = {
			isa = PBXVariantGroup;
			children = (
				AABF5A202396D6C100E1D689 /* Base */,
			);
			name = LaunchScreen.storyboard;
			sourceTree = "<group>";
		};
/* End PBXVariantGroup section */

/* Begin XCBuildConfiguration section */
		AABF5A232396D6C100E1D689 /* Debug */ = {
			isa = XCBuildConfiguration;
			buildSettings = {
				ALWAYS_SEARCH_USER_PATHS = NO;
				CLANG_ANALYZER_NONNULL = YES;
				CLANG_ANALYZER_NUMBER_OBJECT_CONVERSION = YES_AGGRESSIVE;
				CLANG_CXX_LANGUAGE_STANDARD = "gnu++14";
				CLANG_CXX_LIBRARY = "libc++";
				CLANG_ENABLE_MODULES = YES;
				CLANG_ENABLE_OBJC_ARC = YES;
				CLANG_ENABLE_OBJC_WEAK = YES;
				CLANG_WARN_BLOCK_CAPTURE_AUTORELEASING = YES;
				CLANG_WARN_BOOL_CONVERSION = YES;
				CLANG_WARN_COMMA = YES;
				CLANG_WARN_CONSTANT_CONVERSION = YES;
				CLANG_WARN_DEPRECATED_OBJC_IMPLEMENTATIONS = YES;
				CLANG_WARN_DIRECT_OBJC_ISA_USAGE = YES_ERROR;
				CLANG_WARN_DOCUMENTATION_COMMENTS = YES;
				CLANG_WARN_EMPTY_BODY = YES;
				CLANG_WARN_ENUM_CONVERSION = YES;
				CLANG_WARN_INFINITE_RECURSION = YES;
				CLANG_WARN_INT_CONVERSION = YES;
				CLANG_WARN_NON_LITERAL_NULL_CONVERSION = YES;
				CLANG_WARN_OBJC_IMPLICIT_RETAIN_SELF = YES;
				CLANG_WARN_OBJC_LITERAL_CONVERSION = YES;
				CLANG_WARN_OBJC_ROOT_CLASS = YES_ERROR;
				CLANG_WARN_RANGE_LOOP_ANALYSIS = YES;
				CLANG_WARN_STRICT_PROTOTYPES = YES;
				CLANG_WARN_SUSPICIOUS_MOVE = YES;
				CLANG_WARN_UNGUARDED_AVAILABILITY = YES_AGGRESSIVE;
				CLANG_WARN_UNREACHABLE_CODE = YES;
				CLANG_WARN__DUPLICATE_METHOD_MATCH = YES;
				COPY_PHASE_STRIP = NO;
				DEBUG_INFORMATION_FORMAT = dwarf;
				ENABLE_STRICT_OBJC_MSGSEND = YES;
				ENABLE_TESTABILITY = YES;
				GCC_C_LANGUAGE_STANDARD = gnu11;
				GCC_DYNAMIC_NO_PIC = NO;
				GCC_NO_COMMON_BLOCKS = YES;
				GCC_OPTIMIZATION_LEVEL = 0;
				GCC_PREPROCESSOR_DEFINITIONS = (
					"DEBUG=1",
					"$(inherited)",
				);
				GCC_WARN_64_TO_32_BIT_CONVERSION = YES;
				GCC_WARN_ABOUT_RETURN_TYPE = YES_ERROR;
				GCC_WARN_UNDECLARED_SELECTOR = YES;
				GCC_WARN_UNINITIALIZED_AUTOS = YES_AGGRESSIVE;
				GCC_WARN_UNUSED_FUNCTION = YES;
				GCC_WARN_UNUSED_VARIABLE = YES;
				IPHONEOS_DEPLOYMENT_TARGET = 13.2;
				MTL_ENABLE_DEBUG_INFO = INCLUDE_SOURCE;
				MTL_FAST_MATH = YES;
				ONLY_ACTIVE_ARCH = YES;
				SDKROOT = iphoneos;
				SWIFT_ACTIVE_COMPILATION_CONDITIONS = DEBUG;
				SWIFT_OPTIMIZATION_LEVEL = "-Onone";
			};
			name = Debug;
		};
		AABF5A242396D6C100E1D689 /* Release */ = {
			isa = XCBuildConfiguration;
			buildSettings = {
				ALWAYS_SEARCH_USER_PATHS = NO;
				CLANG_ANALYZER_NONNULL = YES;
				CLANG_ANALYZER_NUMBER_OBJECT_CONVERSION = YES_AGGRESSIVE;
				CLANG_CXX_LANGUAGE_STANDARD = "gnu++14";
				CLANG_CXX_LIBRARY = "libc++";
				CLANG_ENABLE_MODULES = YES;
				CLANG_ENABLE_OBJC_ARC = YES;
				CLANG_ENABLE_OBJC_WEAK = YES;
				CLANG_WARN_BLOCK_CAPTURE_AUTORELEASING = YES;
				CLANG_WARN_BOOL_CONVERSION = YES;
				CLANG_WARN_COMMA = YES;
				CLANG_WARN_CONSTANT_CONVERSION = YES;
				CLANG_WARN_DEPRECATED_OBJC_IMPLEMENTATIONS = YES;
				CLANG_WARN_DIRECT_OBJC_ISA_USAGE = YES_ERROR;
				CLANG_WARN_DOCUMENTATION_COMMENTS = YES;
				CLANG_WARN_EMPTY_BODY = YES;
				CLANG_WARN_ENUM_CONVERSION = YES;
				CLANG_WARN_INFINITE_RECURSION = YES;
				CLANG_WARN_INT_CONVERSION = YES;
				CLANG_WARN_NON_LITERAL_NULL_CONVERSION = YES;
				CLANG_WARN_OBJC_IMPLICIT_RETAIN_SELF = YES;
				CLANG_WARN_OBJC_LITERAL_CONVERSION = YES;
				CLANG_WARN_OBJC_ROOT_CLASS = YES_ERROR;
				CLANG_WARN_RANGE_LOOP_ANALYSIS = YES;
				CLANG_WARN_STRICT_PROTOTYPES = YES;
				CLANG_WARN_SUSPICIOUS_MOVE = YES;
				CLANG_WARN_UNGUARDED_AVAILABILITY = YES_AGGRESSIVE;
				CLANG_WARN_UNREACHABLE_CODE = YES;
				CLANG_WARN__DUPLICATE_METHOD_MATCH = YES;
				COPY_PHASE_STRIP = NO;
				DEBUG_INFORMATION_FORMAT = "dwarf-with-dsym";
				ENABLE_NS_ASSERTIONS = NO;
				ENABLE_STRICT_OBJC_MSGSEND = YES;
				GCC_C_LANGUAGE_STANDARD = gnu11;
				GCC_NO_COMMON_BLOCKS = YES;
				GCC_WARN_64_TO_32_BIT_CONVERSION = YES;
				GCC_WARN_ABOUT_RETURN_TYPE = YES_ERROR;
				GCC_WARN_UNDECLARED_SELECTOR = YES;
				GCC_WARN_UNINITIALIZED_AUTOS = YES_AGGRESSIVE;
				GCC_WARN_UNUSED_FUNCTION = YES;
				GCC_WARN_UNUSED_VARIABLE = YES;
				IPHONEOS_DEPLOYMENT_TARGET = 13.2;
				MTL_ENABLE_DEBUG_INFO = NO;
				MTL_FAST_MATH = YES;
				SDKROOT = iphoneos;
				SWIFT_COMPILATION_MODE = wholemodule;
				SWIFT_OPTIMIZATION_LEVEL = "-O";
				VALIDATE_PRODUCT = YES;
			};
			name = Release;
		};
		AABF5A262396D6C100E1D689 /* Debug */ = {
			isa = XCBuildConfiguration;
			baseConfigurationReference = 122D98269F4BF40A3212D6D3 /* Pods-Reserved.debug.xcconfig */;
			buildSettings = {
				ASSETCATALOG_COMPILER_APPICON_NAME = AppIcon;
				CODE_SIGN_STYLE = Automatic;
				DEVELOPMENT_TEAM = 9TJRJQKBAR;
				INFOPLIST_FILE = Reserved/Other/Info.plist;
				IPHONEOS_DEPLOYMENT_TARGET = 13.1;
				LD_RUNPATH_SEARCH_PATHS = (
					"$(inherited)",
					"@executable_path/Frameworks",
				);
				PRODUCT_BUNDLE_IDENTIFIER = omr.Reserved;
				PRODUCT_NAME = "$(TARGET_NAME)";
				SWIFT_VERSION = 5.0;
				TARGETED_DEVICE_FAMILY = "1,2";
			};
			name = Debug;
		};
		AABF5A272396D6C100E1D689 /* Release */ = {
			isa = XCBuildConfiguration;
			baseConfigurationReference = 875F2CDF8E76F777222189A8 /* Pods-Reserved.release.xcconfig */;
			buildSettings = {
				ASSETCATALOG_COMPILER_APPICON_NAME = AppIcon;
				CODE_SIGN_STYLE = Automatic;
				DEVELOPMENT_TEAM = 9TJRJQKBAR;
				INFOPLIST_FILE = Reserved/Other/Info.plist;
				IPHONEOS_DEPLOYMENT_TARGET = 13.1;
				LD_RUNPATH_SEARCH_PATHS = (
					"$(inherited)",
					"@executable_path/Frameworks",
				);
				PRODUCT_BUNDLE_IDENTIFIER = omr.Reserved;
				PRODUCT_NAME = "$(TARGET_NAME)";
				SWIFT_VERSION = 5.0;
				TARGETED_DEVICE_FAMILY = "1,2";
			};
			name = Release;
		};
/* End XCBuildConfiguration section */

/* Begin XCConfigurationList section */
		AABF5A0C2396D6BC00E1D689 /* Build configuration list for PBXProject "Reserved" */ = {
			isa = XCConfigurationList;
			buildConfigurations = (
				AABF5A232396D6C100E1D689 /* Debug */,
				AABF5A242396D6C100E1D689 /* Release */,
			);
			defaultConfigurationIsVisible = 0;
			defaultConfigurationName = Release;
		};
		AABF5A252396D6C100E1D689 /* Build configuration list for PBXNativeTarget "Reserved" */ = {
			isa = XCConfigurationList;
			buildConfigurations = (
				AABF5A262396D6C100E1D689 /* Debug */,
				AABF5A272396D6C100E1D689 /* Release */,
			);
			defaultConfigurationIsVisible = 0;
			defaultConfigurationName = Release;
		};
/* End XCConfigurationList section */
	};
	rootObject = AABF5A092396D6BC00E1D689 /* Project object */;
}
